github.com/lib/pq v1.10.9 h1:YXG7RB+JIjhP29X+OtkiDnYaXQwpS4JEWq7dtCCRUEw=
github.com/lib/pq v1.10.9/go.mod h1:AlVN5x4E4T544tWzH6hKfbfQvm3HdbOxrmggDNAPY9o=
github.com/mgenware/go-shunting-yard v0.0.0-20170306102834-6dc682c5e09c h1:/5938FNSuRWRByJQ63BVntJlXQXGihn1aJ2aKf1xifU=
github.com/mgenware/go-shunting-yard v0.0.0-20170306102834-6dc682c5e09c/go.mod h1:9aJFPYzIr13QZU+UaMnXg0RI+jm0AU/IcA6jbMVaork=
